
Microsoft Visual Studio Solution File, Format Version 12.00
# Visual Studio Version 16
VisualStudioVersion = 16.0.32126.315
MinimumVisualStudioVersion = 10.0.40219.1
Project("{9A19103F-16F7-4668-BE54-9A1E7A4F7556}") = "FundooNotes", "FundooNotes.csproj", "{9B6FEA47-BD5F-4ACE-8C27-BF492B2BD0D5}"
EndProject
Project("{9A19103F-16F7-4668-BE54-9A1E7A4F7556}") = "BusinessLayer", "..\BusinessLayer\BusinessLayer.csproj", "{FCD31B99-A31F-440B-BC54-0D2A26FCBCB5}"
EndProject
Project("{9A19103F-16F7-4668-BE54-9A1E7A4F7556}") = "CommonLayer", "..\CommonLayer\CommonLayer.csproj", "{29C3887E-42A1-47DE-A83D-5A6F52972B3C}"
EndProject
Project("{9A19103F-16F7-4668-BE54-9A1E7A4F7556}") = "RepositoryLayer", "..\RepositoryLayer\RepositoryLayer.csproj", "{663D78B5-9121-4885-AE02-D59CE3EE57EE}"
EndProject
Project("{2150E333-8FDC-42A3-9474-1A3956D46DE8}") = "Solution Items", "Solution Items", "{481A231D-D14D-4979-8FA9-14F8BE9D2E9D}"
	ProjectSection(SolutionItems) = preProject
		.editorconfig = .editorconfig
	EndProjectSection
EndProject
Global
	GlobalSection(SolutionConfigurationPlatforms) = preSolution
		Debug|Any CPU = Debug|Any CPU
		Release|Any CPU = Release|Any CPU
	EndGlobalSection
	GlobalSection(ProjectConfigurationPlatforms) = postSolution
		{9B6FEA47-BD5F-4ACE-8C27-BF492B2BD0D5}.Debug|Any CPU.ActiveCfg = Debug|Any CPU
		{9B6FEA47-BD5F-4ACE-8C27-BF492B2BD0D5}.Debug|Any CPU.Build.0 = Debug|Any CPU
		{9B6FEA47-BD5F-4ACE-8C27-BF492B2BD0D5}.Release|Any CPU.ActiveCfg = Release|Any CPU
		{9B6FEA47-BD5F-4ACE-8C27-BF492B2BD0D5}.Release|Any CPU.Build.0 = Release|Any CPU
		{FCD31B99-A31F-440B-BC54-0D2A26FCBCB5}.Debug|Any CPU.ActiveCfg = Debug|Any CPU
		{FCD31B99-A31F-440B-BC54-0D2A26FCBCB5}.Debug|Any CPU.Build.0 = Debug|Any CPU
		{FCD31B99-A31F-440B-BC54-0D2A26FCBCB5}.Release|Any CPU.ActiveCfg = Release|Any CPU
		{FCD31B99-A31F-440B-BC54-0D2A26FCBCB5}.Release|Any CPU.Build.0 = Release|Any CPU
		{29C3887E-42A1-47DE-A83D-5A6F52972B3C}.Debug|Any CPU.ActiveCfg = Debug|Any CPU
		{29C3887E-42A1-47DE-A83D-5A6F52972B3C}.Debug|Any CPU.Build.0 = Debug|Any CPU
		{29C3887E-42A1-47DE-A83D-5A6F52972B3C}.Release|Any CPU.ActiveCfg = Release|Any CPU
		{29C3887E-42A1-47DE-A83D-5A6F52972B3C}.Release|Any CPU.Build.0 = Release|Any CPU
		{663D78B5-9121-4885-AE02-D59CE3EE57EE}.Debug|Any CPU.ActiveCfg = Debug|Any CPU
		{663D78B5-9121-4885-AE02-D59CE3EE57EE}.Debug|Any CPU.Build.0 = Debug|Any CPU
		{663D78B5-9121-4885-AE02-D59CE3EE57EE}.Release|Any CPU.ActiveCfg = Release|Any CPU
		{663D78B5-9121-4885-AE02-D59CE3EE57EE}.Release|Any CPU.Build.0 = Release|Any CPU
	EndGlobalSection
	GlobalSection(SolutionProperties) = preSolution
		HideSolutionNode = FALSE
	EndGlobalSection
	GlobalSection(ExtensibilityGlobals) = postSolution
		SolutionGuid = {1892CD29-E7D8-45DD-812E-96D972AEA7EC}
	EndGlobalSection
EndGlobal
